
Microsoft Visual Studio Solution File, Format Version 12.00
# Visual Studio Version 17
VisualStudioVersion = 17.12.35506.116
MinimumVisualStudioVersion = 10.0.40219.1
Project("{FAE04EC0-301F-11D3-BF4B-00C04F79EFBC}") = "OCE_SACNA", "OCE_SACNA\OCE_SACNA.csproj", "{993D3048-9ECC-41CE-B28E-305DA02D93B0}"
EndProject
Project("{FAE04EC0-301F-11D3-BF4B-00C04F79EFBC}") = "Engine", "Engine\Engine.csproj", "{CD2F21DF-7028-4C2D-9279-CCCA1FA44D1F}"
EndProject
Global
	GlobalSection(SolutionConfigurationPlatforms) = preSolution
		Debug|Any CPU = Debug|Any CPU
		Release|Any CPU = Release|Any CPU
	EndGlobalSection
	GlobalSection(ProjectConfigurationPlatforms) = postSolution
		{993D3048-9ECC-41CE-B28E-305DA02D93B0}.Debug|Any CPU.ActiveCfg = Debug|Any CPU
		{993D3048-9ECC-41CE-B28E-305DA02D93B0}.Debug|Any CPU.Build.0 = Debug|Any CPU
		{993D3048-9ECC-41CE-B28E-305DA02D93B0}.Release|Any CPU.ActiveCfg = Release|Any CPU
		{993D3048-9ECC-41CE-B28E-305DA02D93B0}.Release|Any CPU.Build.0 = Release|Any CPU
		{CD2F21DF-7028-4C2D-9279-CCCA1FA44D1F}.Debug|Any CPU.ActiveCfg = Debug|Any CPU
		{CD2F21DF-7028-4C2D-9279-CCCA1FA44D1F}.Debug|Any CPU.Build.0 = Debug|Any CPU
		{CD2F21DF-7028-4C2D-9279-CCCA1FA44D1F}.Release|Any CPU.ActiveCfg = Release|Any CPU
		{CD2F21DF-7028-4C2D-9279-CCCA1FA44D1F}.Release|Any CPU.Build.0 = Release|Any CPU
	EndGlobalSection
	GlobalSection(SolutionProperties) = preSolution
		HideSolutionNode = FALSE
	EndGlobalSection
EndGlobal
